
Microsoft Visual Studio Solution File, Format Version 12.00
# Visual Studio 15
Project("{FAE04EC0-301F-11D3-BF4B-00C04F79EFBC}") = "UnityEngine.UI", "UnityEngine.UI.csproj", "{0BDC7FD2-0DBF-EA10-2C1D-220264EA121B}"
EndProject
Project("{FAE04EC0-301F-11D3-BF4B-00C04F79EFBC}") = "Assembly-CSharp", "Assembly-CSharp.csproj", "{7A1B0C48-E2DB-0E26-2045-FEC923DD3A80}"
EndProject
Project("{FAE04EC0-301F-11D3-BF4B-00C04F79EFBC}") = "UnityEditor.UI", "UnityEditor.UI.csproj", "{5DE0A889-7BAE-0F30-E48F-49E590B1EB87}"
EndProject
Project("{FAE04EC0-301F-11D3-BF4B-00C04F79EFBC}") = "Unity.2D.Sprite.Editor", "Unity.2D.Sprite.Editor.csproj", "{417B6106-979D-E89D-FAB4-B041AD544918}"
EndProject
Project("{FAE04EC0-301F-11D3-BF4B-00C04F79EFBC}") = "Unity.2D.Tilemap.Editor", "Unity.2D.Tilemap.Editor.csproj", "{0648F537-892D-F01C-FD2F-F5D607ADC459}"
EndProject
Global
	GlobalSection(SolutionConfigurationPlatforms) = preSolution
		Debug|Any CPU = Debug|Any CPU
		Release|Any CPU = Release|Any CPU
	EndGlobalSection
	GlobalSection(ProjectConfigurationPlatforms) = postSolution
		{0BDC7FD2-0DBF-EA10-2C1D-220264EA121B}.Debug|Any CPU.ActiveCfg = Debug|Any CPU
		{0BDC7FD2-0DBF-EA10-2C1D-220264EA121B}.Debug|Any CPU.Build.0 = Debug|Any CPU
		{0BDC7FD2-0DBF-EA10-2C1D-220264EA121B}.Release|Any CPU.ActiveCfg = Release|Any CPU
		{0BDC7FD2-0DBF-EA10-2C1D-220264EA121B}.Release|Any CPU.Build.0 = Release|Any CPU
		{7A1B0C48-E2DB-0E26-2045-FEC923DD3A80}.Debug|Any CPU.ActiveCfg = Debug|Any CPU
		{7A1B0C48-E2DB-0E26-2045-FEC923DD3A80}.Debug|Any CPU.Build.0 = Debug|Any CPU
		{7A1B0C48-E2DB-0E26-2045-FEC923DD3A80}.Release|Any CPU.ActiveCfg = Release|Any CPU
		{7A1B0C48-E2DB-0E26-2045-FEC923DD3A80}.Release|Any CPU.Build.0 = Release|Any CPU
		{5DE0A889-7BAE-0F30-E48F-49E590B1EB87}.Debug|Any CPU.ActiveCfg = Debug|Any CPU
		{5DE0A889-7BAE-0F30-E48F-49E590B1EB87}.Debug|Any CPU.Build.0 = Debug|Any CPU
		{5DE0A889-7BAE-0F30-E48F-49E590B1EB87}.Release|Any CPU.ActiveCfg = Release|Any CPU
		{5DE0A889-7BAE-0F30-E48F-49E590B1EB87}.Release|Any CPU.Build.0 = Release|Any CPU
		{417B6106-979D-E89D-FAB4-B041AD544918}.Debug|Any CPU.ActiveCfg = Debug|Any CPU
		{417B6106-979D-E89D-FAB4-B041AD544918}.Debug|Any CPU.Build.0 = Debug|Any CPU
		{417B6106-979D-E89D-FAB4-B041AD544918}.Release|Any CPU.ActiveCfg = Release|Any CPU
		{417B6106-979D-E89D-FAB4-B041AD544918}.Release|Any CPU.Build.0 = Release|Any CPU
		{0648F537-892D-F01C-FD2F-F5D607ADC459}.Debug|Any CPU.ActiveCfg = Debug|Any CPU
		{0648F537-892D-F01C-FD2F-F5D607ADC459}.Debug|Any CPU.Build.0 = Debug|Any CPU
		{0648F537-892D-F01C-FD2F-F5D607ADC459}.Release|Any CPU.ActiveCfg = Release|Any CPU
		{0648F537-892D-F01C-FD2F-F5D607ADC459}.Release|Any CPU.Build.0 = Release|Any CPU
	EndGlobalSection
	GlobalSection(SolutionProperties) = preSolution
		HideSolutionNode = FALSE
	EndGlobalSection
EndGlobal
